
Microsoft Visual Studio Solution File, Format Version 12.00
# Visual Studio Version 16
VisualStudioVersion = 16.0.30404.54
MinimumVisualStudioVersion = 10.0.40219.1
Project("{9A19103F-16F7-4668-BE54-9A1E7A4F7556}") = "TA.Starquest.Core", "TA.Starquest.Core\TA.Starquest.Core.csproj", "{281799DC-F6E5-4768-91D7-4A777A9C3752}"
EndProject
Project("{9A19103F-16F7-4668-BE54-9A1E7A4F7556}") = "TA.Starquest.Web", "TA.Starquest.Web\TA.Starquest.Web.csproj", "{F3A6A73D-354D-4D28-8F27-EFA705ED4EA8}"
EndProject
Project("{9A19103F-16F7-4668-BE54-9A1E7A4F7556}") = "TA.Starquest.DataAccess", "TA.Starquest.DataAccess\TA.Starquest.DataAccess.csproj", "{9D7838D0-7F89-4930-A0ED-742D85F87E1A}"
EndProject
Project("{9A19103F-16F7-4668-BE54-9A1E7A4F7556}") = "TA.Starquest.BusinessLogic", "TA.Starquest.BusinessLogic\TA.Starquest.BusinessLogic.csproj", "{F496A2D6-22A5-4925-9271-8782E7E73F1B}"
EndProject
Project("{9A19103F-16F7-4668-BE54-9A1E7A4F7556}") = "TA.Starquest.Specifications", "TA.Starquest.Specifications\TA.Starquest.Specifications.csproj", "{ACCD8669-2A45-41C0-AF1B-5C35DBE0C8A1}"
EndProject
Project("{2150E333-8FDC-42A3-9474-1A3956D46DE8}") = "Solution Items", "Solution Items", "{360A843D-A836-43B3-8727-E0BF55A6A6B6}"
	ProjectSection(SolutionItems) = preProject
		.dockerignore = .dockerignore
		.gitattributes = .gitattributes
		.gitignore = .gitignore
		GitVersion.yml = GitVersion.yml
		LICENSE.md = LICENSE.md
		README.md = README.md
	EndProjectSection
EndProject
Global
	GlobalSection(SolutionConfigurationPlatforms) = preSolution
		Debug|Any CPU = Debug|Any CPU
		Release|Any CPU = Release|Any CPU
	EndGlobalSection
	GlobalSection(ProjectConfigurationPlatforms) = postSolution
		{281799DC-F6E5-4768-91D7-4A777A9C3752}.Debug|Any CPU.ActiveCfg = Debug|Any CPU
		{281799DC-F6E5-4768-91D7-4A777A9C3752}.Debug|Any CPU.Build.0 = Debug|Any CPU
		{281799DC-F6E5-4768-91D7-4A777A9C3752}.Release|Any CPU.ActiveCfg = Release|Any CPU
		{281799DC-F6E5-4768-91D7-4A777A9C3752}.Release|Any CPU.Build.0 = Release|Any CPU
		{F3A6A73D-354D-4D28-8F27-EFA705ED4EA8}.Debug|Any CPU.ActiveCfg = Debug|Any CPU
		{F3A6A73D-354D-4D28-8F27-EFA705ED4EA8}.Debug|Any CPU.Build.0 = Debug|Any CPU
		{F3A6A73D-354D-4D28-8F27-EFA705ED4EA8}.Release|Any CPU.ActiveCfg = Release|Any CPU
		{F3A6A73D-354D-4D28-8F27-EFA705ED4EA8}.Release|Any CPU.Build.0 = Release|Any CPU
		{9D7838D0-7F89-4930-A0ED-742D85F87E1A}.Debug|Any CPU.ActiveCfg = Debug|Any CPU
		{9D7838D0-7F89-4930-A0ED-742D85F87E1A}.Debug|Any CPU.Build.0 = Debug|Any CPU
		{9D7838D0-7F89-4930-A0ED-742D85F87E1A}.Release|Any CPU.ActiveCfg = Release|Any CPU
		{9D7838D0-7F89-4930-A0ED-742D85F87E1A}.Release|Any CPU.Build.0 = Release|Any CPU
		{F496A2D6-22A5-4925-9271-8782E7E73F1B}.Debug|Any CPU.ActiveCfg = Debug|Any CPU
		{F496A2D6-22A5-4925-9271-8782E7E73F1B}.Debug|Any CPU.Build.0 = Debug|Any CPU
		{F496A2D6-22A5-4925-9271-8782E7E73F1B}.Release|Any CPU.ActiveCfg = Release|Any CPU
		{F496A2D6-22A5-4925-9271-8782E7E73F1B}.Release|Any CPU.Build.0 = Release|Any CPU
		{ACCD8669-2A45-41C0-AF1B-5C35DBE0C8A1}.Debug|Any CPU.ActiveCfg = Debug|Any CPU
		{ACCD8669-2A45-41C0-AF1B-5C35DBE0C8A1}.Debug|Any CPU.Build.0 = Debug|Any CPU
		{ACCD8669-2A45-41C0-AF1B-5C35DBE0C8A1}.Release|Any CPU.ActiveCfg = Release|Any CPU
		{ACCD8669-2A45-41C0-AF1B-5C35DBE0C8A1}.Release|Any CPU.Build.0 = Release|Any CPU
	EndGlobalSection
	GlobalSection(SolutionProperties) = preSolution
		HideSolutionNode = FALSE
	EndGlobalSection
	GlobalSection(ExtensibilityGlobals) = postSolution
		SolutionGuid = {26314B18-D5DF-4994-BE5D-D55692AAB525}
	EndGlobalSection
EndGlobal
