
Microsoft Visual Studio Solution File, Format Version 12.00
# Visual Studio Version 16
VisualStudioVersion = 16.0.30404.54
MinimumVisualStudioVersion = 10.0.40219.1
Project("{9A19103F-16F7-4668-BE54-9A1E7A4F7556}") = "TA.Starquest.Specifications", "TA.Starquest.Specifications\TA.Starquest.Specifications.csproj", "{C0636040-96C9-456B-BC73-5D09A6E6D8CB}"
EndProject
Project("{9A19103F-16F7-4668-BE54-9A1E7A4F7556}") = "TA.Starquest.Core", "TA.Starquest.Core\TA.Starquest.Core.csproj", "{281799DC-F6E5-4768-91D7-4A777A9C3752}"
EndProject
Project("{9A19103F-16F7-4668-BE54-9A1E7A4F7556}") = "TA.Starquest.Web", "TA.Starquest.Web\TA.Starquest.Web.csproj", "{F3A6A73D-354D-4D28-8F27-EFA705ED4EA8}"
EndProject
Global
	GlobalSection(SolutionConfigurationPlatforms) = preSolution
		Debug|Any CPU = Debug|Any CPU
		Release|Any CPU = Release|Any CPU
	EndGlobalSection
	GlobalSection(ProjectConfigurationPlatforms) = postSolution
		{C0636040-96C9-456B-BC73-5D09A6E6D8CB}.Debug|Any CPU.ActiveCfg = Debug|Any CPU
		{C0636040-96C9-456B-BC73-5D09A6E6D8CB}.Debug|Any CPU.Build.0 = Debug|Any CPU
		{C0636040-96C9-456B-BC73-5D09A6E6D8CB}.Release|Any CPU.ActiveCfg = Release|Any CPU
		{C0636040-96C9-456B-BC73-5D09A6E6D8CB}.Release|Any CPU.Build.0 = Release|Any CPU
		{281799DC-F6E5-4768-91D7-4A777A9C3752}.Debug|Any CPU.ActiveCfg = Debug|Any CPU
		{281799DC-F6E5-4768-91D7-4A777A9C3752}.Debug|Any CPU.Build.0 = Debug|Any CPU
		{281799DC-F6E5-4768-91D7-4A777A9C3752}.Release|Any CPU.ActiveCfg = Release|Any CPU
		{281799DC-F6E5-4768-91D7-4A777A9C3752}.Release|Any CPU.Build.0 = Release|Any CPU
		{F3A6A73D-354D-4D28-8F27-EFA705ED4EA8}.Debug|Any CPU.ActiveCfg = Debug|Any CPU
		{F3A6A73D-354D-4D28-8F27-EFA705ED4EA8}.Debug|Any CPU.Build.0 = Debug|Any CPU
		{F3A6A73D-354D-4D28-8F27-EFA705ED4EA8}.Release|Any CPU.ActiveCfg = Release|Any CPU
		{F3A6A73D-354D-4D28-8F27-EFA705ED4EA8}.Release|Any CPU.Build.0 = Release|Any CPU
	EndGlobalSection
	GlobalSection(SolutionProperties) = preSolution
		HideSolutionNode = FALSE
	EndGlobalSection
	GlobalSection(ExtensibilityGlobals) = postSolution
		SolutionGuid = {26314B18-D5DF-4994-BE5D-D55692AAB525}
	EndGlobalSection
EndGlobal
